
Microsoft Visual Studio Solution File, Format Version 12.00
# Visual Studio Version 16
VisualStudioVersion = 16.0.33927.289
MinimumVisualStudioVersion = 10.0.40219.1
Project("{2150E333-8FDC-42A3-9474-1A3956D46DE8}") = "Task0", "Task0", "{61D23360-3290-4628-A957-DDEB2C140CBA}"
EndProject
Project("{FAE04EC0-301F-11D3-BF4B-00C04F79EFBC}") = "Tyuiu.ZakharovaYV.Sprint3.Task0.V14", "Tyuiu.ZakharovaYV.Sprint3.Task0.V14\Tyuiu.ZakharovaYV.Sprint3.Task0.V14.csproj", "{AC61A13A-CEB5-4DDF-99C2-07F53E49870B}"
EndProject
Project("{FAE04EC0-301F-11D3-BF4B-00C04F79EFBC}") = "Tyuiu.ZakharovaYV.Sprint3.Task0.V14.Test", "Tyuiu.ZakharovaYV.Sprint3.Task0.V14.Test\Tyuiu.ZakharovaYV.Sprint3.Task0.V14.Test.csproj", "{DAA0AD4B-47F9-442C-A674-FF78CE3ED31F}"
EndProject
Project("{FAE04EC0-301F-11D3-BF4B-00C04F79EFBC}") = "Tyuiu.ZakharovaYV.Sprint3.Task0.V14.Lib", "Tyuiu.ZakharovaYV.Sprint3.Task0.V14.Lib\Tyuiu.ZakharovaYV.Sprint3.Task0.V14.Lib.csproj", "{C1E37E80-09ED-4A02-B9C1-32033DDDFE20}"
EndProject
Project("{2150E333-8FDC-42A3-9474-1A3956D46DE8}") = "Task1", "Task1", "{04EADF6F-CAC2-4EED-B947-2513C60ED6CD}"
EndProject
Project("{FAE04EC0-301F-11D3-BF4B-00C04F79EFBC}") = "Tyuiu.ZakharovaYV.Sprint3.Task1.V1", "Tyuiu.ZakharovaYV.Sprint3.Task1.V1\Tyuiu.ZakharovaYV.Sprint3.Task1.V1.csproj", "{1F35EFB1-256C-4841-8858-C3EFC0AED1D6}"
EndProject
Project("{FAE04EC0-301F-11D3-BF4B-00C04F79EFBC}") = "Tyuiu.ZakharovaYV.Sprint3.Task1.V1.Test", "Tyuiu.ZakharovaYV.Sprint3.Task1.V1.Test\Tyuiu.ZakharovaYV.Sprint3.Task1.V1.Test.csproj", "{A127BD39-0944-4BBF-8969-42F6EFCCDABB}"
EndProject
Project("{FAE04EC0-301F-11D3-BF4B-00C04F79EFBC}") = "Tyuiu.ZakharovaYV.Sprint3.Task1.V1.Lib", "Tyuiu.ZakharovaYV.Sprint3.Task1.V1.Lib\Tyuiu.ZakharovaYV.Sprint3.Task1.V1.Lib.csproj", "{97108C09-6769-49C7-9A92-67CD8C4050E3}"
EndProject
Project("{2150E333-8FDC-42A3-9474-1A3956D46DE8}") = "Task2", "Task2", "{E88A9B9A-83C2-41A3-B1B0-20DC94743CC3}"
EndProject
Project("{FAE04EC0-301F-11D3-BF4B-00C04F79EFBC}") = "Tyuiu.ZakharovaYV.Sprint3.Task2.V27", "Tyuiu.ZakharovaYV.Sprint3.Task2.V27\Tyuiu.ZakharovaYV.Sprint3.Task2.V27.csproj", "{02E845E5-1DD1-49BE-81D6-EFDFBDEF4490}"
EndProject
Project("{FAE04EC0-301F-11D3-BF4B-00C04F79EFBC}") = "Tyuiu.ZakharovaYV.Sprint3.Task2.V27.Test", "Tyuiu.ZakharovaYV.Sprint3.Task2.V27.Test\Tyuiu.ZakharovaYV.Sprint3.Task2.V27.Test.csproj", "{91F3265B-7C6E-41AE-A550-39D7C04013F5}"
EndProject
Project("{FAE04EC0-301F-11D3-BF4B-00C04F79EFBC}") = "Tyuiu.ZakharovaYV.Sprint3.Task2.V27.Lib", "Tyuiu.ZakharovaYV.Sprint3.Task2.V27.Lib\Tyuiu.ZakharovaYV.Sprint3.Task2.V27.Lib.csproj", "{598C8CA0-4835-4960-8E33-38DF8AB71D3E}"
EndProject
Project("{2150E333-8FDC-42A3-9474-1A3956D46DE8}") = "Task3", "Task3", "{9A0705D0-7287-4B49-A345-F5BF2E798558}"
EndProject
Project("{FAE04EC0-301F-11D3-BF4B-00C04F79EFBC}") = "Tyuiu.ZakharovaYV.Sprint3.Task3.V20", "Tyuiu.ZakharovaYV.Sprint3.Task3.V20\Tyuiu.ZakharovaYV.Sprint3.Task3.V20.csproj", "{8733A0D5-2A5F-46CA-8564-45039B892606}"
EndProject
Project("{FAE04EC0-301F-11D3-BF4B-00C04F79EFBC}") = "Tyuiu.ZakharovaYV.Sprint3.Task3.V20.Lib", "Tyuiu.ZakharovaYV.Sprint3.Task3.V20.Lib\Tyuiu.ZakharovaYV.Sprint3.Task3.V20.Lib.csproj", "{59C43D3E-6DC1-4D61-9176-AEAB4683F104}"
EndProject
Project("{FAE04EC0-301F-11D3-BF4B-00C04F79EFBC}") = "Tyuiu.ZakharovaYV.Sprint3.Task3.V20.Test", "Tyuiu.ZakharovaYV.Sprint3.Task3.V20.Test\Tyuiu.ZakharovaYV.Sprint3.Task3.V20.Test.csproj", "{B3D9DBB5-7202-46A0-9B5C-08E6CD2EF91B}"
EndProject
Project("{2150E333-8FDC-42A3-9474-1A3956D46DE8}") = "Task4", "Task4", "{30A69FFD-9430-4F51-BF77-CE9EC7F6E77C}"
EndProject
Project("{FAE04EC0-301F-11D3-BF4B-00C04F79EFBC}") = "Tyuiu.ZakharovaYV.Sprint3.Task4.V26", "Tyuiu.ZakharovaYV.Sprint3.Task4.V26\Tyuiu.ZakharovaYV.Sprint3.Task4.V26.csproj", "{626B7C83-101A-42D6-B65C-64DBE379ECF1}"
EndProject
Project("{FAE04EC0-301F-11D3-BF4B-00C04F79EFBC}") = "Tyuiu.ZakharovaYV.Sprint3.Task4.V26.Lib", "Tyuiu.ZakharovaYV.Sprint3.Task4.V26.Lib\Tyuiu.ZakharovaYV.Sprint3.Task4.V26.Lib.csproj", "{B0AB29D6-398B-49D6-A2F2-BC425BACF5E5}"
EndProject
Project("{FAE04EC0-301F-11D3-BF4B-00C04F79EFBC}") = "Tyuiu.ZakharovaYV.Sprint3.Task4.V26.Test", "Tyuiu.ZakharovaYV.Sprint3.Task4.V26.Test\Tyuiu.ZakharovaYV.Sprint3.Task4.V26.Test.csproj", "{2A7B7A79-A03B-4D9A-B5A6-5D3C24A4EB9E}"
EndProject
Project("{2150E333-8FDC-42A3-9474-1A3956D46DE8}") = "Task5", "Task5", "{46337381-E2BC-4485-88CA-96C0E666BF9E}"
EndProject
Project("{FAE04EC0-301F-11D3-BF4B-00C04F79EFBC}") = "Tyuiu.ZakharovaYV.Sprint3.Task5.V15", "Tyuiu.ZakharovaYV.Sprint3.Task5.V15\Tyuiu.ZakharovaYV.Sprint3.Task5.V15.csproj", "{5BA4DC47-5EAD-4566-95B7-C17A1A1636F7}"
EndProject
Project("{FAE04EC0-301F-11D3-BF4B-00C04F79EFBC}") = "Tyuiu.ZakharovaYV.Sprint3.Task5.V15.Lib", "Tyuiu.ZakharovaYV.Sprint3.Task5.V15.Lib\Tyuiu.ZakharovaYV.Sprint3.Task5.V15.Lib.csproj", "{B8B3CE09-61F3-411F-96CE-F8AC33EA24D2}"
EndProject
Project("{FAE04EC0-301F-11D3-BF4B-00C04F79EFBC}") = "Tyuiu.ZakharovaYV.Sprint3.Task5.V15.Test", "Tyuiu.ZakharovaYV.Sprint3.Task5.V15.Test\Tyuiu.ZakharovaYV.Sprint3.Task5.V15.Test.csproj", "{A3E7B51C-1FA3-4675-8BF6-5B9A209358F2}"
EndProject
Project("{2150E333-8FDC-42A3-9474-1A3956D46DE8}") = "Task6", "Task6", "{40D380B6-CD28-4323-9792-7DD21B3CC495}"
EndProject
Project("{FAE04EC0-301F-11D3-BF4B-00C04F79EFBC}") = "Tyuiu.ZakharovaYV.Sprint3.Task6.V29", "Tyuiu.ZakharovaYV.Sprint3.Task6.V29\Tyuiu.ZakharovaYV.Sprint3.Task6.V29.csproj", "{13D7133F-E440-47E4-ACFD-5C8B9B1F1A45}"
EndProject
Project("{FAE04EC0-301F-11D3-BF4B-00C04F79EFBC}") = "Tyuiu.ZakharovaYV.Sprint3.Task6.V29.Lib", "Tyuiu.ZakharovaYV.Sprint3.Task6.V29.Lib\Tyuiu.ZakharovaYV.Sprint3.Task6.V29.Lib.csproj", "{07EFCBCC-6027-40E0-8F12-A5DCA6603893}"
EndProject
Project("{FAE04EC0-301F-11D3-BF4B-00C04F79EFBC}") = "Tyuiu.ZakharovaYV.Sprint3.Task6.V29.Test", "Tyuiu.ZakharovaYV.Sprint3.Task6.V29.Test\Tyuiu.ZakharovaYV.Sprint3.Task6.V29.Test.csproj", "{1996DB49-FCD1-4C6A-A522-96498248DFB9}"
EndProject
Project("{2150E333-8FDC-42A3-9474-1A3956D46DE8}") = "Task7", "Task7", "{71DD1661-7471-4C5B-B0EB-8FD38403ADA2}"
EndProject
Project("{FAE04EC0-301F-11D3-BF4B-00C04F79EFBC}") = "Tyuiu.ZakharovaYV.Sprint3.Task7.V23", "Tyuiu.ZakharovaYV.Sprint3.Task7.V23\Tyuiu.ZakharovaYV.Sprint3.Task7.V23.csproj", "{DC516EA5-51C3-433F-AC9E-1B6859B10992}"
EndProject
Project("{FAE04EC0-301F-11D3-BF4B-00C04F79EFBC}") = "Tyuiu.ZakharovaYV.Sprint3.Task7.V23.Lib", "Tyuiu.ZakharovaYV.Sprint3.Task7.V23.Lib\Tyuiu.ZakharovaYV.Sprint3.Task7.V23.Lib.csproj", "{F9C8ED90-F378-492D-B281-4EAFF4B3A359}"
EndProject
Project("{FAE04EC0-301F-11D3-BF4B-00C04F79EFBC}") = "Tyuiu.ZakharovaYV.Sprint3.Task7.V23.Test", "Tyuiu.ZakharovaYV.Sprint3.Task7.V23.Test\Tyuiu.ZakharovaYV.Sprint3.Task7.V23.Test.csproj", "{3E9D044E-1161-4877-BC31-98F0815B8614}"
EndProject
Global
	GlobalSection(SolutionConfigurationPlatforms) = preSolution
		Debug|Any CPU = Debug|Any CPU
		Release|Any CPU = Release|Any CPU
	EndGlobalSection
	GlobalSection(ProjectConfigurationPlatforms) = postSolution
		{AC61A13A-CEB5-4DDF-99C2-07F53E49870B}.Debug|Any CPU.ActiveCfg = Debug|Any CPU
		{AC61A13A-CEB5-4DDF-99C2-07F53E49870B}.Debug|Any CPU.Build.0 = Debug|Any CPU
		{AC61A13A-CEB5-4DDF-99C2-07F53E49870B}.Release|Any CPU.ActiveCfg = Release|Any CPU
		{AC61A13A-CEB5-4DDF-99C2-07F53E49870B}.Release|Any CPU.Build.0 = Release|Any CPU
		{DAA0AD4B-47F9-442C-A674-FF78CE3ED31F}.Debug|Any CPU.ActiveCfg = Debug|Any CPU
		{DAA0AD4B-47F9-442C-A674-FF78CE3ED31F}.Debug|Any CPU.Build.0 = Debug|Any CPU
		{DAA0AD4B-47F9-442C-A674-FF78CE3ED31F}.Release|Any CPU.ActiveCfg = Release|Any CPU
		{DAA0AD4B-47F9-442C-A674-FF78CE3ED31F}.Release|Any CPU.Build.0 = Release|Any CPU
		{C1E37E80-09ED-4A02-B9C1-32033DDDFE20}.Debug|Any CPU.ActiveCfg = Debug|Any CPU
		{C1E37E80-09ED-4A02-B9C1-32033DDDFE20}.Debug|Any CPU.Build.0 = Debug|Any CPU
		{C1E37E80-09ED-4A02-B9C1-32033DDDFE20}.Release|Any CPU.ActiveCfg = Release|Any CPU
		{C1E37E80-09ED-4A02-B9C1-32033DDDFE20}.Release|Any CPU.Build.0 = Release|Any CPU
		{1F35EFB1-256C-4841-8858-C3EFC0AED1D6}.Debug|Any CPU.ActiveCfg = Debug|Any CPU
		{1F35EFB1-256C-4841-8858-C3EFC0AED1D6}.Debug|Any CPU.Build.0 = Debug|Any CPU
		{1F35EFB1-256C-4841-8858-C3EFC0AED1D6}.Release|Any CPU.ActiveCfg = Release|Any CPU
		{1F35EFB1-256C-4841-8858-C3EFC0AED1D6}.Release|Any CPU.Build.0 = Release|Any CPU
		{A127BD39-0944-4BBF-8969-42F6EFCCDABB}.Debug|Any CPU.ActiveCfg = Debug|Any CPU
		{A127BD39-0944-4BBF-8969-42F6EFCCDABB}.Debug|Any CPU.Build.0 = Debug|Any CPU
		{A127BD39-0944-4BBF-8969-42F6EFCCDABB}.Release|Any CPU.ActiveCfg = Release|Any CPU
		{A127BD39-0944-4BBF-8969-42F6EFCCDABB}.Release|Any CPU.Build.0 = Release|Any CPU
		{97108C09-6769-49C7-9A92-67CD8C4050E3}.Debug|Any CPU.ActiveCfg = Debug|Any CPU
		{97108C09-6769-49C7-9A92-67CD8C4050E3}.Debug|Any CPU.Build.0 = Debug|Any CPU
		{97108C09-6769-49C7-9A92-67CD8C4050E3}.Release|Any CPU.ActiveCfg = Release|Any CPU
		{97108C09-6769-49C7-9A92-67CD8C4050E3}.Release|Any CPU.Build.0 = Release|Any CPU
		{02E845E5-1DD1-49BE-81D6-EFDFBDEF4490}.Debug|Any CPU.ActiveCfg = Debug|Any CPU
		{02E845E5-1DD1-49BE-81D6-EFDFBDEF4490}.Debug|Any CPU.Build.0 = Debug|Any CPU
		{02E845E5-1DD1-49BE-81D6-EFDFBDEF4490}.Release|Any CPU.ActiveCfg = Release|Any CPU
		{02E845E5-1DD1-49BE-81D6-EFDFBDEF4490}.Release|Any CPU.Build.0 = Release|Any CPU
		{91F3265B-7C6E-41AE-A550-39D7C04013F5}.Debug|Any CPU.ActiveCfg = Debug|Any CPU
		{91F3265B-7C6E-41AE-A550-39D7C04013F5}.Debug|Any CPU.Build.0 = Debug|Any CPU
		{91F3265B-7C6E-41AE-A550-39D7C04013F5}.Release|Any CPU.ActiveCfg = Release|Any CPU
		{91F3265B-7C6E-41AE-A550-39D7C04013F5}.Release|Any CPU.Build.0 = Release|Any CPU
		{598C8CA0-4835-4960-8E33-38DF8AB71D3E}.Debug|Any CPU.ActiveCfg = Debug|Any CPU
		{598C8CA0-4835-4960-8E33-38DF8AB71D3E}.Debug|Any CPU.Build.0 = Debug|Any CPU
		{598C8CA0-4835-4960-8E33-38DF8AB71D3E}.Release|Any CPU.ActiveCfg = Release|Any CPU
		{598C8CA0-4835-4960-8E33-38DF8AB71D3E}.Release|Any CPU.Build.0 = Release|Any CPU
		{8733A0D5-2A5F-46CA-8564-45039B892606}.Debug|Any CPU.ActiveCfg = Debug|Any CPU
		{8733A0D5-2A5F-46CA-8564-45039B892606}.Debug|Any CPU.Build.0 = Debug|Any CPU
		{8733A0D5-2A5F-46CA-8564-45039B892606}.Release|Any CPU.ActiveCfg = Release|Any CPU
		{8733A0D5-2A5F-46CA-8564-45039B892606}.Release|Any CPU.Build.0 = Release|Any CPU
		{59C43D3E-6DC1-4D61-9176-AEAB4683F104}.Debug|Any CPU.ActiveCfg = Debug|Any CPU
		{59C43D3E-6DC1-4D61-9176-AEAB4683F104}.Debug|Any CPU.Build.0 = Debug|Any CPU
		{59C43D3E-6DC1-4D61-9176-AEAB4683F104}.Release|Any CPU.ActiveCfg = Release|Any CPU
		{59C43D3E-6DC1-4D61-9176-AEAB4683F104}.Release|Any CPU.Build.0 = Release|Any CPU
		{B3D9DBB5-7202-46A0-9B5C-08E6CD2EF91B}.Debug|Any CPU.ActiveCfg = Debug|Any CPU
		{B3D9DBB5-7202-46A0-9B5C-08E6CD2EF91B}.Debug|Any CPU.Build.0 = Debug|Any CPU
		{B3D9DBB5-7202-46A0-9B5C-08E6CD2EF91B}.Release|Any CPU.ActiveCfg = Release|Any CPU
		{B3D9DBB5-7202-46A0-9B5C-08E6CD2EF91B}.Release|Any CPU.Build.0 = Release|Any CPU
		{626B7C83-101A-42D6-B65C-64DBE379ECF1}.Debug|Any CPU.ActiveCfg = Debug|Any CPU
		{626B7C83-101A-42D6-B65C-64DBE379ECF1}.Debug|Any CPU.Build.0 = Debug|Any CPU
		{626B7C83-101A-42D6-B65C-64DBE379ECF1}.Release|Any CPU.ActiveCfg = Release|Any CPU
		{626B7C83-101A-42D6-B65C-64DBE379ECF1}.Release|Any CPU.Build.0 = Release|Any CPU
		{B0AB29D6-398B-49D6-A2F2-BC425BACF5E5}.Debug|Any CPU.ActiveCfg = Debug|Any CPU
		{B0AB29D6-398B-49D6-A2F2-BC425BACF5E5}.Debug|Any CPU.Build.0 = Debug|Any CPU
		{B0AB29D6-398B-49D6-A2F2-BC425BACF5E5}.Release|Any CPU.ActiveCfg = Release|Any CPU
		{B0AB29D6-398B-49D6-A2F2-BC425BACF5E5}.Release|Any CPU.Build.0 = Release|Any CPU
		{2A7B7A79-A03B-4D9A-B5A6-5D3C24A4EB9E}.Debug|Any CPU.ActiveCfg = Debug|Any CPU
		{2A7B7A79-A03B-4D9A-B5A6-5D3C24A4EB9E}.Debug|Any CPU.Build.0 = Debug|Any CPU
		{2A7B7A79-A03B-4D9A-B5A6-5D3C24A4EB9E}.Release|Any CPU.ActiveCfg = Release|Any CPU
		{2A7B7A79-A03B-4D9A-B5A6-5D3C24A4EB9E}.Release|Any CPU.Build.0 = Release|Any CPU
		{5BA4DC47-5EAD-4566-95B7-C17A1A1636F7}.Debug|Any CPU.ActiveCfg = Debug|Any CPU
		{5BA4DC47-5EAD-4566-95B7-C17A1A1636F7}.Debug|Any CPU.Build.0 = Debug|Any CPU
		{5BA4DC47-5EAD-4566-95B7-C17A1A1636F7}.Release|Any CPU.ActiveCfg = Release|Any CPU
		{5BA4DC47-5EAD-4566-95B7-C17A1A1636F7}.Release|Any CPU.Build.0 = Release|Any CPU
		{B8B3CE09-61F3-411F-96CE-F8AC33EA24D2}.Debug|Any CPU.ActiveCfg = Debug|Any CPU
		{B8B3CE09-61F3-411F-96CE-F8AC33EA24D2}.Debug|Any CPU.Build.0 = Debug|Any CPU
		{B8B3CE09-61F3-411F-96CE-F8AC33EA24D2}.Release|Any CPU.ActiveCfg = Release|Any CPU
		{B8B3CE09-61F3-411F-96CE-F8AC33EA24D2}.Release|Any CPU.Build.0 = Release|Any CPU
		{A3E7B51C-1FA3-4675-8BF6-5B9A209358F2}.Debug|Any CPU.ActiveCfg = Debug|Any CPU
		{A3E7B51C-1FA3-4675-8BF6-5B9A209358F2}.Debug|Any CPU.Build.0 = Debug|Any CPU
		{A3E7B51C-1FA3-4675-8BF6-5B9A209358F2}.Release|Any CPU.ActiveCfg = Release|Any CPU
		{A3E7B51C-1FA3-4675-8BF6-5B9A209358F2}.Release|Any CPU.Build.0 = Release|Any CPU
		{13D7133F-E440-47E4-ACFD-5C8B9B1F1A45}.Debug|Any CPU.ActiveCfg = Debug|Any CPU
		{13D7133F-E440-47E4-ACFD-5C8B9B1F1A45}.Debug|Any CPU.Build.0 = Debug|Any CPU
		{13D7133F-E440-47E4-ACFD-5C8B9B1F1A45}.Release|Any CPU.ActiveCfg = Release|Any CPU
		{13D7133F-E440-47E4-ACFD-5C8B9B1F1A45}.Release|Any CPU.Build.0 = Release|Any CPU
		{07EFCBCC-6027-40E0-8F12-A5DCA6603893}.Debug|Any CPU.ActiveCfg = Debug|Any CPU
		{07EFCBCC-6027-40E0-8F12-A5DCA6603893}.Debug|Any CPU.Build.0 = Debug|Any CPU
		{07EFCBCC-6027-40E0-8F12-A5DCA6603893}.Release|Any CPU.ActiveCfg = Release|Any CPU
		{07EFCBCC-6027-40E0-8F12-A5DCA6603893}.Release|Any CPU.Build.0 = Release|Any CPU
		{1996DB49-FCD1-4C6A-A522-96498248DFB9}.Debug|Any CPU.ActiveCfg = Debug|Any CPU
		{1996DB49-FCD1-4C6A-A522-96498248DFB9}.Debug|Any CPU.Build.0 = Debug|Any CPU
		{1996DB49-FCD1-4C6A-A522-96498248DFB9}.Release|Any CPU.ActiveCfg = Release|Any CPU
		{1996DB49-FCD1-4C6A-A522-96498248DFB9}.Release|Any CPU.Build.0 = Release|Any CPU
		{DC516EA5-51C3-433F-AC9E-1B6859B10992}.Debug|Any CPU.ActiveCfg = Debug|Any CPU
		{DC516EA5-51C3-433F-AC9E-1B6859B10992}.Debug|Any CPU.Build.0 = Debug|Any CPU
		{DC516EA5-51C3-433F-AC9E-1B6859B10992}.Release|Any CPU.ActiveCfg = Release|Any CPU
		{DC516EA5-51C3-433F-AC9E-1B6859B10992}.Release|Any CPU.Build.0 = Release|Any CPU
		{F9C8ED90-F378-492D-B281-4EAFF4B3A359}.Debug|Any CPU.ActiveCfg = Debug|Any CPU
		{F9C8ED90-F378-492D-B281-4EAFF4B3A359}.Debug|Any CPU.Build.0 = Debug|Any CPU
		{F9C8ED90-F378-492D-B281-4EAFF4B3A359}.Release|Any CPU.ActiveCfg = Release|Any CPU
		{F9C8ED90-F378-492D-B281-4EAFF4B3A359}.Release|Any CPU.Build.0 = Release|Any CPU
		{3E9D044E-1161-4877-BC31-98F0815B8614}.Debug|Any CPU.ActiveCfg = Debug|Any CPU
		{3E9D044E-1161-4877-BC31-98F0815B8614}.Debug|Any CPU.Build.0 = Debug|Any CPU
		{3E9D044E-1161-4877-BC31-98F0815B8614}.Release|Any CPU.ActiveCfg = Release|Any CPU
		{3E9D044E-1161-4877-BC31-98F0815B8614}.Release|Any CPU.Build.0 = Release|Any CPU
	EndGlobalSection
	GlobalSection(SolutionProperties) = preSolution
		HideSolutionNode = FALSE
	EndGlobalSection
	GlobalSection(NestedProjects) = preSolution
		{AC61A13A-CEB5-4DDF-99C2-07F53E49870B} = {61D23360-3290-4628-A957-DDEB2C140CBA}
		{DAA0AD4B-47F9-442C-A674-FF78CE3ED31F} = {61D23360-3290-4628-A957-DDEB2C140CBA}
		{C1E37E80-09ED-4A02-B9C1-32033DDDFE20} = {61D23360-3290-4628-A957-DDEB2C140CBA}
		{1F35EFB1-256C-4841-8858-C3EFC0AED1D6} = {04EADF6F-CAC2-4EED-B947-2513C60ED6CD}
		{A127BD39-0944-4BBF-8969-42F6EFCCDABB} = {04EADF6F-CAC2-4EED-B947-2513C60ED6CD}
		{97108C09-6769-49C7-9A92-67CD8C4050E3} = {04EADF6F-CAC2-4EED-B947-2513C60ED6CD}
		{02E845E5-1DD1-49BE-81D6-EFDFBDEF4490} = {E88A9B9A-83C2-41A3-B1B0-20DC94743CC3}
		{91F3265B-7C6E-41AE-A550-39D7C04013F5} = {E88A9B9A-83C2-41A3-B1B0-20DC94743CC3}
		{598C8CA0-4835-4960-8E33-38DF8AB71D3E} = {E88A9B9A-83C2-41A3-B1B0-20DC94743CC3}
		{8733A0D5-2A5F-46CA-8564-45039B892606} = {9A0705D0-7287-4B49-A345-F5BF2E798558}
		{59C43D3E-6DC1-4D61-9176-AEAB4683F104} = {9A0705D0-7287-4B49-A345-F5BF2E798558}
		{B3D9DBB5-7202-46A0-9B5C-08E6CD2EF91B} = {9A0705D0-7287-4B49-A345-F5BF2E798558}
		{626B7C83-101A-42D6-B65C-64DBE379ECF1} = {30A69FFD-9430-4F51-BF77-CE9EC7F6E77C}
		{B0AB29D6-398B-49D6-A2F2-BC425BACF5E5} = {30A69FFD-9430-4F51-BF77-CE9EC7F6E77C}
		{2A7B7A79-A03B-4D9A-B5A6-5D3C24A4EB9E} = {30A69FFD-9430-4F51-BF77-CE9EC7F6E77C}
		{5BA4DC47-5EAD-4566-95B7-C17A1A1636F7} = {46337381-E2BC-4485-88CA-96C0E666BF9E}
		{B8B3CE09-61F3-411F-96CE-F8AC33EA24D2} = {46337381-E2BC-4485-88CA-96C0E666BF9E}
		{A3E7B51C-1FA3-4675-8BF6-5B9A209358F2} = {46337381-E2BC-4485-88CA-96C0E666BF9E}
		{13D7133F-E440-47E4-ACFD-5C8B9B1F1A45} = {40D380B6-CD28-4323-9792-7DD21B3CC495}
		{07EFCBCC-6027-40E0-8F12-A5DCA6603893} = {40D380B6-CD28-4323-9792-7DD21B3CC495}
		{1996DB49-FCD1-4C6A-A522-96498248DFB9} = {40D380B6-CD28-4323-9792-7DD21B3CC495}
		{DC516EA5-51C3-433F-AC9E-1B6859B10992} = {71DD1661-7471-4C5B-B0EB-8FD38403ADA2}
		{F9C8ED90-F378-492D-B281-4EAFF4B3A359} = {71DD1661-7471-4C5B-B0EB-8FD38403ADA2}
		{3E9D044E-1161-4877-BC31-98F0815B8614} = {71DD1661-7471-4C5B-B0EB-8FD38403ADA2}
	EndGlobalSection
	GlobalSection(ExtensibilityGlobals) = postSolution
		SolutionGuid = {CD0169CD-7004-4A5D-814E-DF04E55F87BB}
	EndGlobalSection
EndGlobal
